
Microsoft Visual Studio Solution File, Format Version 12.00
# Visual Studio Version 17
VisualStudioVersion = 17.12.35707.178
MinimumVisualStudioVersion = 10.0.40219.1
Project("{FAE04EC0-301F-11D3-BF4B-00C04F79EFBC}") = "Main", "net48\Main\Main.csproj", "{77E9F0FE-F1D8-4419-B9D1-09D183A2CF6C}"
EndProject
Project("{FAE04EC0-301F-11D3-BF4B-00C04F79EFBC}") = "Mock", "net48\Mock\Mock.csproj", "{A5AA71A6-B1B0-4889-8549-05A3AFA78CC3}"
EndProject
Project("{FAE04EC0-301F-11D3-BF4B-00C04F79EFBC}") = "Mock2", "net48\Mock2\Mock2.csproj", "{C8AE140E-0D46-4093-8598-75FF6ABD32CA}"
EndProject
Project("{2150E333-8FDC-42A3-9474-1A3956D46DE8}") = "Test", "Test", "{DCAEE05C-DE15-4275-86A9-592CE336A065}"
EndProject
Project("{FAE04EC0-301F-11D3-BF4B-00C04F79EFBC}") = "TaskDispatchingTest", "net48\Test\TaskDispatchingTest\TaskDispatchingTest.csproj", "{7C3900C8-2DAB-4DD8-ABC9-B6E1FF7C1600}"
EndProject
Project("{2150E333-8FDC-42A3-9474-1A3956D46DE8}") = "Mocks", "Mocks", "{07B6B5C0-AA23-4E53-BE91-A811E44C4F58}"
EndProject
Project("{FAE04EC0-301F-11D3-BF4B-00C04F79EFBC}") = "MessageSenderMock", "net48\MessageSenderMock\MessageSenderMock.csproj", "{4B98FB81-D95B-47F9-9F64-91EA32EAA31B}"
EndProject
Project("{2150E333-8FDC-42A3-9474-1A3956D46DE8}") = "Install", "Install", "{50FEBD6C-4193-4A33-BA89-CF5680F197CF}"
	ProjectSection(SolutionItems) = preProject
		net48\Install\README.md = net48\Install\README.md
	EndProjectSection
EndProject
Project("{FAE04EC0-301F-11D3-BF4B-00C04F79EFBC}") = "InstallMain", "net48\Install\InstallMain\InstallMain.csproj", "{8DB6155A-8730-4EE1-A6F1-422D07E6D7E1}"
EndProject
Project("{FAE04EC0-301F-11D3-BF4B-00C04F79EFBC}") = "Install.Engine", "net48\Install\Install.Engine\Install.Engine.csproj", "{E83D1278-CCA6-41BE-BED4-B6982499D3CB}"
EndProject
Project("{FAE04EC0-301F-11D3-BF4B-00C04F79EFBC}") = "InstallMock2", "net48\Install\InstallMock2\InstallMock2.csproj", "{7AB36080-E492-4604-9A5B-4C7E88FE3CB1}"
EndProject
Global
	GlobalSection(SolutionConfigurationPlatforms) = preSolution
		Debug|Any CPU = Debug|Any CPU
		Release|Any CPU = Release|Any CPU
	EndGlobalSection
	GlobalSection(ProjectConfigurationPlatforms) = postSolution
		{77E9F0FE-F1D8-4419-B9D1-09D183A2CF6C}.Debug|Any CPU.ActiveCfg = Debug|Any CPU
		{77E9F0FE-F1D8-4419-B9D1-09D183A2CF6C}.Debug|Any CPU.Build.0 = Debug|Any CPU
		{77E9F0FE-F1D8-4419-B9D1-09D183A2CF6C}.Release|Any CPU.ActiveCfg = Release|Any CPU
		{77E9F0FE-F1D8-4419-B9D1-09D183A2CF6C}.Release|Any CPU.Build.0 = Release|Any CPU
		{A5AA71A6-B1B0-4889-8549-05A3AFA78CC3}.Debug|Any CPU.ActiveCfg = Debug|Any CPU
		{A5AA71A6-B1B0-4889-8549-05A3AFA78CC3}.Debug|Any CPU.Build.0 = Debug|Any CPU
		{A5AA71A6-B1B0-4889-8549-05A3AFA78CC3}.Release|Any CPU.ActiveCfg = Release|Any CPU
		{A5AA71A6-B1B0-4889-8549-05A3AFA78CC3}.Release|Any CPU.Build.0 = Release|Any CPU
		{C8AE140E-0D46-4093-8598-75FF6ABD32CA}.Debug|Any CPU.ActiveCfg = Debug|Any CPU
		{C8AE140E-0D46-4093-8598-75FF6ABD32CA}.Debug|Any CPU.Build.0 = Debug|Any CPU
		{C8AE140E-0D46-4093-8598-75FF6ABD32CA}.Release|Any CPU.ActiveCfg = Release|Any CPU
		{C8AE140E-0D46-4093-8598-75FF6ABD32CA}.Release|Any CPU.Build.0 = Release|Any CPU
		{7C3900C8-2DAB-4DD8-ABC9-B6E1FF7C1600}.Debug|Any CPU.ActiveCfg = Debug|Any CPU
		{7C3900C8-2DAB-4DD8-ABC9-B6E1FF7C1600}.Debug|Any CPU.Build.0 = Debug|Any CPU
		{7C3900C8-2DAB-4DD8-ABC9-B6E1FF7C1600}.Release|Any CPU.ActiveCfg = Release|Any CPU
		{7C3900C8-2DAB-4DD8-ABC9-B6E1FF7C1600}.Release|Any CPU.Build.0 = Release|Any CPU
		{4B98FB81-D95B-47F9-9F64-91EA32EAA31B}.Debug|Any CPU.ActiveCfg = Debug|Any CPU
		{4B98FB81-D95B-47F9-9F64-91EA32EAA31B}.Debug|Any CPU.Build.0 = Debug|Any CPU
		{4B98FB81-D95B-47F9-9F64-91EA32EAA31B}.Release|Any CPU.ActiveCfg = Release|Any CPU
		{4B98FB81-D95B-47F9-9F64-91EA32EAA31B}.Release|Any CPU.Build.0 = Release|Any CPU
		{8DB6155A-8730-4EE1-A6F1-422D07E6D7E1}.Debug|Any CPU.ActiveCfg = Debug|Any CPU
		{8DB6155A-8730-4EE1-A6F1-422D07E6D7E1}.Debug|Any CPU.Build.0 = Debug|Any CPU
		{8DB6155A-8730-4EE1-A6F1-422D07E6D7E1}.Release|Any CPU.ActiveCfg = Release|Any CPU
		{8DB6155A-8730-4EE1-A6F1-422D07E6D7E1}.Release|Any CPU.Build.0 = Release|Any CPU
		{E83D1278-CCA6-41BE-BED4-B6982499D3CB}.Debug|Any CPU.ActiveCfg = Debug|Any CPU
		{E83D1278-CCA6-41BE-BED4-B6982499D3CB}.Debug|Any CPU.Build.0 = Debug|Any CPU
		{E83D1278-CCA6-41BE-BED4-B6982499D3CB}.Release|Any CPU.ActiveCfg = Release|Any CPU
		{E83D1278-CCA6-41BE-BED4-B6982499D3CB}.Release|Any CPU.Build.0 = Release|Any CPU
		{7AB36080-E492-4604-9A5B-4C7E88FE3CB1}.Debug|Any CPU.ActiveCfg = Debug|Any CPU
		{7AB36080-E492-4604-9A5B-4C7E88FE3CB1}.Debug|Any CPU.Build.0 = Debug|Any CPU
		{7AB36080-E492-4604-9A5B-4C7E88FE3CB1}.Release|Any CPU.ActiveCfg = Release|Any CPU
		{7AB36080-E492-4604-9A5B-4C7E88FE3CB1}.Release|Any CPU.Build.0 = Release|Any CPU
	EndGlobalSection
	GlobalSection(SolutionProperties) = preSolution
		HideSolutionNode = FALSE
	EndGlobalSection
	GlobalSection(NestedProjects) = preSolution
		{A5AA71A6-B1B0-4889-8549-05A3AFA78CC3} = {07B6B5C0-AA23-4E53-BE91-A811E44C4F58}
		{C8AE140E-0D46-4093-8598-75FF6ABD32CA} = {07B6B5C0-AA23-4E53-BE91-A811E44C4F58}
		{7C3900C8-2DAB-4DD8-ABC9-B6E1FF7C1600} = {DCAEE05C-DE15-4275-86A9-592CE336A065}
		{4B98FB81-D95B-47F9-9F64-91EA32EAA31B} = {07B6B5C0-AA23-4E53-BE91-A811E44C4F58}
		{8DB6155A-8730-4EE1-A6F1-422D07E6D7E1} = {50FEBD6C-4193-4A33-BA89-CF5680F197CF}
		{E83D1278-CCA6-41BE-BED4-B6982499D3CB} = {50FEBD6C-4193-4A33-BA89-CF5680F197CF}
		{7AB36080-E492-4604-9A5B-4C7E88FE3CB1} = {50FEBD6C-4193-4A33-BA89-CF5680F197CF}
	EndGlobalSection
EndGlobal
